<?xml version="1.0" encoding="utf-8"?>
<Project ToolsVersion="4.0" xmlns="http://schemas.microsoft.com/developer/msbuild/2003">
  <ItemGroup>
    <Filter Include="Source Files">
      <UniqueIdentifier>{12e7d093-2559-4a2c-9bb5-b58fdd08124e}</UniqueIdentifier>
      <Extensions>cpp;c;cxx;def;odl;idl;hpj;bat;asm</Extensions>
    </Filter>
    <Filter Include="Source Files\COMMON">
      <UniqueIdentifier>{7e85121b-b75f-409d-9a36-4e6c5d524523}</UniqueIdentifier>
    </Filter>
    <Filter Include="Source Files\COMMON\Spectra">
      <UniqueIdentifier>{81417834-2d53-426e-b7b2-511214000359}</UniqueIdentifier>
    </Filter>
    <Filter Include="Source Files\COMMON\SpectrumFormat">
      <UniqueIdentifier>{e712b323-bed3-43e8-9433-e35731d73489}</UniqueIdentifier>
    </Filter>
    <Filter Include="Source Files\Communication">
      <UniqueIdentifier>{99812a11-7cb7-412c-8620-84eee8064b23}</UniqueIdentifier>
    </Filter>
    <Filter Include="Source Files\Configuration">
      <UniqueIdentifier>{c01d1657-9667-4a8d-b918-c6a54f8e665f}</UniqueIdentifier>
    </Filter>
    <Filter Include="Source Files\DlgControls">
      <UniqueIdentifier>{969d5c50-2691-49fc-b6a5-954ca4f620f5}</UniqueIdentifier>
    </Filter>
    <Filter Include="Source Files\DlgControls\GridCtrl">
      <UniqueIdentifier>{0288808b-1cc9-4829-a189-e677899ce0d3}</UniqueIdentifier>
    </Filter>
    <Filter Include="Source Files\Evaluation">
      <UniqueIdentifier>{4bab66a8-517b-48a8-8436-88c5f750b19e}</UniqueIdentifier>
    </Filter>
    <Filter Include="Source Files\Geometry">
      <UniqueIdentifier>{5c473f68-58f1-4e0e-987b-dccde3d4e4bd}</UniqueIdentifier>
    </Filter>
    <Filter Include="Source Files\Meteorologi">
      <UniqueIdentifier>{643abc4d-faef-43db-9252-2f6e68fadca7}</UniqueIdentifier>
    </Filter>
    <Filter Include="Source Files\WindMeasurement">
      <UniqueIdentifier>{c04aa3a9-7a04-4391-a990-d58d4fdb5336}</UniqueIdentifier>
    </Filter>
    <Filter Include="Source Files\Dialogs">
      <UniqueIdentifier>{d087f5d5-b9bb-48d1-a7c2-02509d9cc0f6}</UniqueIdentifier>
    </Filter>
    <Filter Include="Source Files\Flux">
      <UniqueIdentifier>{da6b1c50-b980-458f-aa0a-7b2d74af9e0c}</UniqueIdentifier>
    </Filter>
    <Filter Include="Source Files\Stratosphere">
      <UniqueIdentifier>{bbf4c1db-bb74-4341-97f7-bd53611251a6}</UniqueIdentifier>
    </Filter>
    <Filter Include="Header Files">
      <UniqueIdentifier>{d8a3edac-e9dd-45d0-a7b1-407bac6d5870}</UniqueIdentifier>
      <Extensions>h;hpp;hxx;hm;inl;inc</Extensions>
    </Filter>
    <Filter Include="Header Files\Common">
      <UniqueIdentifier>{cc27b985-ab7f-4178-bd72-b3fb300a54c9}</UniqueIdentifier>
    </Filter>
    <Filter Include="Header Files\Common\Spectra">
      <UniqueIdentifier>{819615c8-d3fa-46e0-9666-10688ea1663a}</UniqueIdentifier>
    </Filter>
    <Filter Include="Header Files\Common\SpectrumFormat">
      <UniqueIdentifier>{55e7df9a-cd56-41a5-99cf-1dc18c463831}</UniqueIdentifier>
    </Filter>
    <Filter Include="Header Files\Communication">
      <UniqueIdentifier>{ffb3da4c-7ca6-4ad5-b077-41a96a7618f9}</UniqueIdentifier>
    </Filter>
    <Filter Include="Header Files\Configuration">
      <UniqueIdentifier>{8412cea4-a6fe-4c3f-b27a-c5d987f5e3b3}</UniqueIdentifier>
    </Filter>
    <Filter Include="Header Files\DlgControls">
      <UniqueIdentifier>{eefd87d0-f76a-4276-be3e-e1b74290418b}</UniqueIdentifier>
    </Filter>
    <Filter Include="Header Files\DlgControls\GridCtrl">
      <UniqueIdentifier>{73416296-ed8e-4271-b7a0-f504592df33c}</UniqueIdentifier>
    </Filter>
    <Filter Include="Header Files\Evaluation">
      <UniqueIdentifier>{35d39cfc-662a-4c46-88dc-eedf1d294ac5}</UniqueIdentifier>
    </Filter>
    <Filter Include="Header Files\Geometry">
      <UniqueIdentifier>{75b92883-3f9d-4be7-98d6-070b5f440535}</UniqueIdentifier>
    </Filter>
    <Filter Include="Header Files\Meteorologi">
      <UniqueIdentifier>{5089fb13-c20f-4e8b-952a-ad3b340073ff}</UniqueIdentifier>
    </Filter>
    <Filter Include="Header Files\WindMeasurement">
      <UniqueIdentifier>{327310dc-1550-4bb5-8e7c-8c99e33012ee}</UniqueIdentifier>
    </Filter>
    <Filter Include="Header Files\Dialogs">
      <UniqueIdentifier>{241b03a8-6f9e-4c9e-a8da-d52c12a9b428}</UniqueIdentifier>
    </Filter>
    <Filter Include="Header Files\Flux">
      <UniqueIdentifier>{6c923070-2462-483f-94a7-8615d9254e60}</UniqueIdentifier>
    </Filter>
    <Filter Include="Header Files\Stratosphere">
      <UniqueIdentifier>{03cf16bd-85c5-40c3-b537-7729e4c97c59}</UniqueIdentifier>
    </Filter>
    <Filter Include="Resource Files">
      <UniqueIdentifier>{fa819163-dc03-4b96-bfe8-7b28517d455a}</UniqueIdentifier>
      <Extensions>rc;ico;cur;bmp;dlg;rc2;rct;bin;rgs;jpg;jpeg;jpe;manifest</Extensions>
    </Filter>
    <Filter Include="Header Files\Fit">
      <UniqueIdentifier>{0c2db29d-148e-4a4d-9eb0-e2b343be3a21}</UniqueIdentifier>
    </Filter>
  </ItemGroup>
  <ItemGroup>
    <ClCompile Include="ContinuationOfProcessing.cpp">
      <Filter>Source Files</Filter>
    </ClCompile>
    <ClCompile Include="Configuration\DarkCorrectionConfiguration.cpp">
      <Filter>Source Files</Filter>
    </ClCompile>
    <ClCompile Include="Evaluation\ExtendedScanResult.cpp">
      <Filter>Source Files</Filter>
    </ClCompile>
    <ClCompile Include="FileInfo.cpp">
      <Filter>Source Files</Filter>
    </ClCompile>
    <ClCompile Include="Flux\FluxStatistics.cpp">
      <Filter>Source Files</Filter>
    </ClCompile>
    <ClCompile Include="Configuration\InstrumentConfiguration.cpp">
      <Filter>Source Files</Filter>
    </ClCompile>
    <ClCompile Include="Configuration\LocationConfiguration.cpp">
      <Filter>Source Files</Filter>
    </ClCompile>
    <ClCompile Include="Molecule.cpp">
      <Filter>Source Files</Filter>
    </ClCompile>
    <ClCompile Include="NovacPPP.cpp">
      <Filter>Source Files</Filter>
    </ClCompile>
    <ClCompile Include="Configuration\NovacPPPConfiguration.cpp">
      <Filter>Source Files</Filter>
    </ClCompile>
    <ClCompile Include="NovacPPPDlg.cpp">
      <Filter>Source Files</Filter>
    </ClCompile>
    <ClCompile Include="ObservatoryInfo.cpp">
      <Filter>Source Files</Filter>
    </ClCompile>
    <ClCompile Include="Geometry\PlumeHeight.cpp">
      <Filter>Source Files</Filter>
    </ClCompile>
    <ClCompile Include="PlumeInScanProperty.cpp">
      <Filter>Source Files</Filter>
    </ClCompile>
    <ClCompile Include="PostProcessing.cpp">
      <Filter>Source Files</Filter>
    </ClCompile>
    <ClCompile Include="PostProcessingStatistics.cpp">
      <Filter>Source Files</Filter>
    </ClCompile>
    <ClCompile Include="Common\ProcessingFileReader.cpp">
      <Filter>Source Files</Filter>
    </ClCompile>
    <ClCompile Include="SetupFileReader.cpp">
      <Filter>Source Files</Filter>
    </ClCompile>
    <ClCompile Include="Dialogs\StatusDlg.cpp">
      <Filter>Source Files</Filter>
    </ClCompile>
    <ClCompile Include="StatusLogFileWriter.cpp">
      <Filter>Source Files</Filter>
    </ClCompile>
    <ClCompile Include="StringTokenizer.cpp">
      <Filter>Source Files</Filter>
    </ClCompile>
    <ClCompile Include="Configuration\UserConfiguration.cpp">
      <Filter>Source Files</Filter>
    </ClCompile>
    <ClCompile Include="Dialogs\ViewConfigurationDlg.cpp">
      <Filter>Source Files</Filter>
    </ClCompile>
    <ClCompile Include="Dialogs\ViewFitWindowPage.cpp">
      <Filter>Source Files</Filter>
    </ClCompile>
    <ClCompile Include="Dialogs\ViewInstrumentPage.cpp">
      <Filter>Source Files</Filter>
    </ClCompile>
    <ClCompile Include="Dialogs\ViewLocationPage.cpp">
      <Filter>Source Files</Filter>
    </ClCompile>
    <ClCompile Include="VolcanoInfo.cpp">
      <Filter>Source Files</Filter>
    </ClCompile>
    <ClCompile Include="Meteorology\XMLWindFileReader.cpp">
      <Filter>Source Files</Filter>
    </ClCompile>
    <ClCompile Include="stdafx.cpp">
      <Filter>Source Files</Filter>
    </ClCompile>
    <ClCompile Include="Common\Common.cpp">
      <Filter>Source Files\COMMON</Filter>
    </ClCompile>
    <ClCompile Include="Common\DateTime.cpp">
      <Filter>Source Files\COMMON</Filter>
    </ClCompile>
    <ClCompile Include="Common\EvaluationConfigurationParser.cpp">
      <Filter>Source Files\COMMON</Filter>
    </ClCompile>
    <ClCompile Include="Common\EvaluationLogFileHandler.cpp">
      <Filter>Source Files\COMMON</Filter>
    </ClCompile>
    <ClCompile Include="Common\GPSData.cpp">
      <Filter>Source Files\COMMON</Filter>
    </ClCompile>
    <ClCompile Include="Common\SpectrometerModel.cpp">
      <Filter>Source Files\COMMON</Filter>
    </ClCompile>
    <ClCompile Include="Common\Version.cpp">
      <Filter>Source Files\COMMON</Filter>
    </ClCompile>
    <ClCompile Include="Common\XMLFileReader.cpp">
      <Filter>Source Files\COMMON</Filter>
    </ClCompile>
    <ClCompile Include="Common\Spectra\ScanFileHandler.cpp">
      <Filter>Source Files\COMMON\Spectra</Filter>
    </ClCompile>
    <ClCompile Include="Common\Spectra\Spectrum.cpp">
      <Filter>Source Files\COMMON\Spectra</Filter>
    </ClCompile>
    <ClCompile Include="Common\Spectra\SpectrumIO.cpp">
      <Filter>Source Files\COMMON\Spectra</Filter>
    </ClCompile>
    <ClCompile Include="Common\Spectra\SpectrumInfo.cpp">
      <Filter>Source Files\COMMON\Spectra</Filter>
    </ClCompile>
    <ClCompile Include="Common\SpectrumFormat\MKPack.cpp">
      <Filter>Source Files\COMMON\SpectrumFormat</Filter>
    </ClCompile>
    <ClCompile Include="Common\SpectrumFormat\STDFile.cpp">
      <Filter>Source Files\COMMON\SpectrumFormat</Filter>
    </ClCompile>
    <ClCompile Include="Common\SpectrumFormat\TXTFile.cpp">
      <Filter>Source Files\COMMON\SpectrumFormat</Filter>
    </ClCompile>
    <ClCompile Include="communication\FTPCom.cpp">
      <Filter>Source Files\Communication</Filter>
    </ClCompile>
    <ClCompile Include="communication\FTPServerConnection.cpp">
      <Filter>Source Files\Communication</Filter>
    </ClCompile>
    <ClCompile Include="communication\FTPSocket.cpp">
      <Filter>Source Files\Communication</Filter>
    </ClCompile>
    <ClCompile Include="communication\LinkStatistics.cpp">
      <Filter>Source Files\Communication</Filter>
    </ClCompile>
    <ClCompile Include="Configuration\DarkSettings.cpp">
      <Filter>Source Files\Configuration</Filter>
    </ClCompile>
    <ClCompile Include="Configuration\EvaluationConfiguration.cpp">
      <Filter>Source Files\Configuration</Filter>
    </ClCompile>
    <ClCompile Include="Configuration\InstrumentLocation.cpp">
      <Filter>Source Files\Configuration</Filter>
    </ClCompile>
    <ClCompile Include="DlgControls\Label.cpp">
      <Filter>Source Files\DlgControls</Filter>
    </ClCompile>
    <ClCompile Include="DlgControls\MeasGrid.cpp">
      <Filter>Source Files\DlgControls</Filter>
    </ClCompile>
    <ClCompile Include="DlgControls\ReferenceFileControl.cpp">
      <Filter>Source Files\DlgControls</Filter>
    </ClCompile>
    <ClCompile Include="DlgControls\GridCtrl\GridCell.cpp">
      <Filter>Source Files\DlgControls\GridCtrl</Filter>
    </ClCompile>
    <ClCompile Include="DlgControls\GridCtrl\GridCellBase.cpp">
      <Filter>Source Files\DlgControls\GridCtrl</Filter>
    </ClCompile>
    <ClCompile Include="DlgControls\GridCtrl\GridCtrl.cpp">
      <Filter>Source Files\DlgControls\GridCtrl</Filter>
    </ClCompile>
    <ClCompile Include="DlgControls\GridCtrl\GridDropTarget.cpp">
      <Filter>Source Files\DlgControls\GridCtrl</Filter>
    </ClCompile>
    <ClCompile Include="DlgControls\GridCtrl\InPlaceEdit.cpp">
      <Filter>Source Files\DlgControls\GridCtrl</Filter>
    </ClCompile>
    <ClCompile Include="DlgControls\GridCtrl\TitleTip.cpp">
      <Filter>Source Files\DlgControls\GridCtrl</Filter>
    </ClCompile>
    <ClCompile Include="Evaluation\BasicMath.cpp">
      <Filter>Source Files\Evaluation</Filter>
    </ClCompile>
    <ClCompile Include="Evaluation\ColumnCorrection.cpp">
      <Filter>Source Files\Evaluation</Filter>
    </ClCompile>
    <ClCompile Include="Evaluation\CrossSectionData.cpp">
      <Filter>Source Files\Evaluation</Filter>
    </ClCompile>
    <ClCompile Include="Evaluation\Evaluation.cpp">
      <Filter>Source Files\Evaluation</Filter>
    </ClCompile>
    <ClCompile Include="Evaluation\EvaluationResult.cpp">
      <Filter>Source Files\Evaluation</Filter>
    </ClCompile>
    <ClCompile Include="Evaluation\FitWindow.cpp">
      <Filter>Source Files\Evaluation</Filter>
    </ClCompile>
    <ClCompile Include="Evaluation\MessageLog.cpp">
      <Filter>Source Files\Evaluation</Filter>
    </ClCompile>
    <ClCompile Include="Evaluation\PostEvaluationController.cpp">
      <Filter>Source Files\Evaluation</Filter>
    </ClCompile>
    <ClCompile Include="Evaluation\ReferenceFile.cpp">
      <Filter>Source Files\Evaluation</Filter>
    </ClCompile>
    <ClCompile Include="Evaluation\ReferenceFitResult.cpp">
      <Filter>Source Files\Evaluation</Filter>
    </ClCompile>
    <ClCompile Include="Evaluation\ScanEvaluation.cpp">
      <Filter>Source Files\Evaluation</Filter>
    </ClCompile>
    <ClCompile Include="Evaluation\ScanResult.cpp">
      <Filter>Source Files\Evaluation</Filter>
    </ClCompile>
    <ClCompile Include="Geometry\GeometryCalculator.cpp">
      <Filter>Source Files\Geometry</Filter>
    </ClCompile>
    <ClCompile Include="Geometry\GeometryResult.cpp">
      <Filter>Source Files\Geometry</Filter>
    </ClCompile>
    <ClCompile Include="Geometry\PlumeDataBase.cpp">
      <Filter>Source Files\Geometry</Filter>
    </ClCompile>
    <ClCompile Include="Meteorology\WindDataBase.cpp">
      <Filter>Source Files\Meteorologi</Filter>
    </ClCompile>
    <ClCompile Include="Meteorology\WindField.cpp">
      <Filter>Source Files\Meteorologi</Filter>
    </ClCompile>
    <ClCompile Include="WindMeasurement\WindSpeedCalculator.cpp">
      <Filter>Source Files\WindMeasurement</Filter>
    </ClCompile>
    <ClCompile Include="WindMeasurement\WindSpeedMeasSettings.cpp">
      <Filter>Source Files\WindMeasurement</Filter>
    </ClCompile>
    <ClCompile Include="Dialogs\QueryStringDialog.cpp">
      <Filter>Source Files\Dialogs</Filter>
    </ClCompile>
    <ClCompile Include="Flux\FluxCalculator.cpp">
      <Filter>Source Files\Flux</Filter>
    </ClCompile>
    <ClCompile Include="Flux\FluxResult.cpp">
      <Filter>Source Files\Flux</Filter>
    </ClCompile>
    <ClCompile Include="Stratosphere\StratosphereCalculator.cpp">
      <Filter>Source Files\Stratosphere</Filter>
    </ClCompile>
  </ItemGroup>
  <ItemGroup>
    <ClInclude Include="ContinuationOfProcessing.h">
      <Filter>Header Files</Filter>
    </ClInclude>
    <ClInclude Include="Configuration\DarkCorrectionConfiguration.h">
      <Filter>Header Files</Filter>
    </ClInclude>
    <ClInclude Include="Configuration\DarkSettings.h">
      <Filter>Header Files</Filter>
    </ClInclude>
    <ClInclude Include="Evaluation\ExtendedScanResult.h">
      <Filter>Header Files</Filter>
    </ClInclude>
    <ClInclude Include="FileInfo.h">
      <Filter>Header Files</Filter>
    </ClInclude>
    <ClInclude Include="Flux\FluxStatistics.h">
      <Filter>Header Files</Filter>
    </ClInclude>
    <ClInclude Include="Configuration\InstrumentConfiguration.h">
      <Filter>Header Files</Filter>
    </ClInclude>
    <ClInclude Include="Configuration\LocationConfiguration.h">
      <Filter>Header Files</Filter>
    </ClInclude>
    <ClInclude Include="MeteorologySource.h">
      <Filter>Header Files</Filter>
    </ClInclude>
    <ClInclude Include="Molecule.h">
      <Filter>Header Files</Filter>
    </ClInclude>
    <ClInclude Include="NovacPPP.h">
      <Filter>Header Files</Filter>
    </ClInclude>
    <ClInclude Include="Configuration\NovacPPPConfiguration.h">
      <Filter>Header Files</Filter>
    </ClInclude>
    <ClInclude Include="NovacPPPDlg.h">
      <Filter>Header Files</Filter>
    </ClInclude>
    <ClInclude Include="ObservatoryInfo.h">
      <Filter>Header Files</Filter>
    </ClInclude>
    <ClInclude Include="Geometry\PlumeHeight.h">
      <Filter>Header Files</Filter>
    </ClInclude>
    <ClInclude Include="PlumeInScanProperty.h">
      <Filter>Header Files</Filter>
    </ClInclude>
    <ClInclude Include="PostProcessing.h">
      <Filter>Header Files</Filter>
    </ClInclude>
    <ClInclude Include="PostProcessingStatistics.h">
      <Filter>Header Files</Filter>
    </ClInclude>
    <ClInclude Include="Common\ProcessingFileReader.h">
      <Filter>Header Files</Filter>
    </ClInclude>
    <ClInclude Include="Resource.h">
      <Filter>Header Files</Filter>
    </ClInclude>
    <ClInclude Include="SetupFileReader.h">
      <Filter>Header Files</Filter>
    </ClInclude>
    <ClInclude Include="Dialogs\StatusDlg.h">
      <Filter>Header Files</Filter>
    </ClInclude>
    <ClInclude Include="StatusLogFileWriter.h">
      <Filter>Header Files</Filter>
    </ClInclude>
    <ClInclude Include="StringTokenizer.h">
      <Filter>Header Files</Filter>
    </ClInclude>
    <ClInclude Include="Configuration\UserConfiguration.h">
      <Filter>Header Files</Filter>
    </ClInclude>
    <ClInclude Include="Dialogs\ViewConfigurationDlg.h">
      <Filter>Header Files</Filter>
    </ClInclude>
    <ClInclude Include="Dialogs\ViewFitWindowPage.h">
      <Filter>Header Files</Filter>
    </ClInclude>
    <ClInclude Include="Dialogs\ViewInstrumentPage.h">
      <Filter>Header Files</Filter>
    </ClInclude>
    <ClInclude Include="Dialogs\ViewLocationPage.h">
      <Filter>Header Files</Filter>
    </ClInclude>
    <ClInclude Include="VolcanoInfo.h">
      <Filter>Header Files</Filter>
    </ClInclude>
    <ClInclude Include="Meteorology\XMLWindFileReader.h">
      <Filter>Header Files</Filter>
    </ClInclude>
    <ClInclude Include="stdafx.h">
      <Filter>Header Files</Filter>
    </ClInclude>
    <ClInclude Include="Common\ASCII.H">
      <Filter>Header Files\Common</Filter>
    </ClInclude>
    <ClInclude Include="Common\Common.h">
      <Filter>Header Files\Common</Filter>
    </ClInclude>
    <ClInclude Include="Common\DateTime.h">
      <Filter>Header Files\Common</Filter>
    </ClInclude>
    <ClInclude Include="Common\EvaluationConfigurationParser.h">
      <Filter>Header Files\Common</Filter>
    </ClInclude>
    <ClInclude Include="Common\EvaluationLogFileHandler.h">
      <Filter>Header Files\Common</Filter>
    </ClInclude>
    <ClInclude Include="Common\GPSData.h">
      <Filter>Header Files\Common</Filter>
    </ClInclude>
    <ClInclude Include="Common\SpectrometerModel.h">
      <Filter>Header Files\Common</Filter>
    </ClInclude>
    <ClInclude Include="Common\Version.h">
      <Filter>Header Files\Common</Filter>
    </ClInclude>
    <ClInclude Include="Common\XMLFileReader.h">
      <Filter>Header Files\Common</Filter>
    </ClInclude>
    <ClInclude Include="Common\Spectra\ScanFileHandler.h">
      <Filter>Header Files\Common\Spectra</Filter>
    </ClInclude>
    <ClInclude Include="Common\Spectra\Spectrum.h">
      <Filter>Header Files\Common\Spectra</Filter>
    </ClInclude>
    <ClInclude Include="Common\Spectra\SpectrumIO.h">
      <Filter>Header Files\Common\Spectra</Filter>
    </ClInclude>
    <ClInclude Include="Common\Spectra\SpectrumInfo.h">
      <Filter>Header Files\Common\Spectra</Filter>
    </ClInclude>
    <ClInclude Include="Common\SpectrumFormat\MKPack.h">
      <Filter>Header Files\Common\SpectrumFormat</Filter>
    </ClInclude>
    <ClInclude Include="Common\SpectrumFormat\STDFile.h">
      <Filter>Header Files\Common\SpectrumFormat</Filter>
    </ClInclude>
    <ClInclude Include="Common\SpectrumFormat\TXTFile.h">
      <Filter>Header Files\Common\SpectrumFormat</Filter>
    </ClInclude>
    <ClInclude Include="communication\FTPCom.h">
      <Filter>Header Files\Communication</Filter>
    </ClInclude>
    <ClInclude Include="communication\FTPServerConnection.h">
      <Filter>Header Files\Communication</Filter>
    </ClInclude>
    <ClInclude Include="communication\FTPSocket.h">
      <Filter>Header Files\Communication</Filter>
    </ClInclude>
    <ClInclude Include="communication\LinkStatistics.h">
      <Filter>Header Files\Communication</Filter>
    </ClInclude>
    <ClInclude Include="Configuration\EvaluationConfiguration.h">
      <Filter>Header Files\Configuration</Filter>
    </ClInclude>
    <ClInclude Include="Configuration\InstrumentLocation.h">
      <Filter>Header Files\Configuration</Filter>
    </ClInclude>
    <ClInclude Include="DlgControls\Label.h">
      <Filter>Header Files\DlgControls</Filter>
    </ClInclude>
    <ClInclude Include="DlgControls\MeasGrid.h">
      <Filter>Header Files\DlgControls</Filter>
    </ClInclude>
    <ClInclude Include="DlgControls\ReferenceFileControl.h">
      <Filter>Header Files\DlgControls</Filter>
    </ClInclude>
    <ClInclude Include="DlgControls\GridCtrl\CellRange.h">
      <Filter>Header Files\DlgControls\GridCtrl</Filter>
    </ClInclude>
    <ClInclude Include="DlgControls\GridCtrl\GridCell.h">
      <Filter>Header Files\DlgControls\GridCtrl</Filter>
    </ClInclude>
    <ClInclude Include="DlgControls\GridCtrl\GridCellBase.h">
      <Filter>Header Files\DlgControls\GridCtrl</Filter>
    </ClInclude>
    <ClInclude Include="DlgControls\GridCtrl\GridCtrl.h">
      <Filter>Header Files\DlgControls\GridCtrl</Filter>
    </ClInclude>
    <ClInclude Include="DlgControls\GridCtrl\GridDropTarget.h">
      <Filter>Header Files\DlgControls\GridCtrl</Filter>
    </ClInclude>
    <ClInclude Include="DlgControls\GridCtrl\InPlaceEdit.h">
      <Filter>Header Files\DlgControls\GridCtrl</Filter>
    </ClInclude>
    <ClInclude Include="DlgControls\GridCtrl\MemDC.h">
      <Filter>Header Files\DlgControls\GridCtrl</Filter>
    </ClInclude>
    <ClInclude Include="DlgControls\GridCtrl\TitleTip.h">
      <Filter>Header Files\DlgControls\GridCtrl</Filter>
    </ClInclude>
    <ClInclude Include="Evaluation\BasicMath.h">
      <Filter>Header Files\Evaluation</Filter>
    </ClInclude>
    <ClInclude Include="Evaluation\ColumnCorrection.h">
      <Filter>Header Files\Evaluation</Filter>
    </ClInclude>
    <ClInclude Include="Evaluation\CrossSectionData.h">
      <Filter>Header Files\Evaluation</Filter>
    </ClInclude>
    <ClInclude Include="Evaluation\Evaluation.h">
      <Filter>Header Files\Evaluation</Filter>
    </ClInclude>
    <ClInclude Include="Evaluation\EvaluationResult.h">
      <Filter>Header Files\Evaluation</Filter>
    </ClInclude>
    <ClInclude Include="Evaluation\FitWindow.h">
      <Filter>Header Files\Evaluation</Filter>
    </ClInclude>
    <ClInclude Include="Evaluation\MessageLog.h">
      <Filter>Header Files\Evaluation</Filter>
    </ClInclude>
    <ClInclude Include="Evaluation\PostEvaluationController.h">
      <Filter>Header Files\Evaluation</Filter>
    </ClInclude>
    <ClInclude Include="Evaluation\ReferenceFile.h">
      <Filter>Header Files\Evaluation</Filter>
    </ClInclude>
    <ClInclude Include="Evaluation\ReferenceFitResult.h">
      <Filter>Header Files\Evaluation</Filter>
    </ClInclude>
    <ClInclude Include="Evaluation\ScanEvaluation.h">
      <Filter>Header Files\Evaluation</Filter>
    </ClInclude>
    <ClInclude Include="Evaluation\ScanResult.h">
      <Filter>Header Files\Evaluation</Filter>
    </ClInclude>
    <ClInclude Include="Geometry\GeometryCalculator.h">
      <Filter>Header Files\Geometry</Filter>
    </ClInclude>
    <ClInclude Include="Geometry\GeometryResult.h">
      <Filter>Header Files\Geometry</Filter>
    </ClInclude>
    <ClInclude Include="Geometry\PlumeDataBase.h">
      <Filter>Header Files\Geometry</Filter>
    </ClInclude>
    <ClInclude Include="Meteorology\WindDataBase.h">
      <Filter>Header Files\Meteorologi</Filter>
    </ClInclude>
    <ClInclude Include="Meteorology\WindField.h">
      <Filter>Header Files\Meteorologi</Filter>
    </ClInclude>
    <ClInclude Include="WindMeasurement\WindSpeedCalculator.h">
      <Filter>Header Files\WindMeasurement</Filter>
    </ClInclude>
    <ClInclude Include="WindMeasurement\WindSpeedMeasSettings.h">
      <Filter>Header Files\WindMeasurement</Filter>
    </ClInclude>
    <ClInclude Include="Dialogs\QueryStringDialog.h">
      <Filter>Header Files\Dialogs</Filter>
    </ClInclude>
    <ClInclude Include="Flux\FluxCalculator.h">
      <Filter>Header Files\Flux</Filter>
    </ClInclude>
    <ClInclude Include="Flux\FluxResult.h">
      <Filter>Header Files\Flux</Filter>
    </ClInclude>
    <ClInclude Include="Stratosphere\StratosphereCalculator.h">
      <Filter>Header Files\Stratosphere</Filter>
    </ClInclude>
    <ClInclude Include="Fit\ApertureFunction.h">
      <Filter>Header Files\Fit</Filter>
    </ClInclude>
    <ClInclude Include="Fit\BandedMatrix.h">
      <Filter>Header Files\Fit</Filter>
    </ClInclude>
    <ClInclude Include="Fit\BSpline.h">
      <Filter>Header Files\Fit</Filter>
    </ClInclude>
    <ClInclude Include="Fit\BSplineD.h">
      <Filter>Header Files\Fit</Filter>
    </ClInclude>
    <ClInclude Include="Fit\BSplineF.h">
      <Filter>Header Files\Fit</Filter>
    </ClInclude>
    <ClInclude Include="Fit\BSplineImpl.h">
      <Filter>Header Files\Fit</Filter>
    </ClInclude>
    <ClInclude Include="Fit\ConstFunction.h">
      <Filter>Header Files\Fit</Filter>
    </ClInclude>
    <ClInclude Include="Fit\ConvoluteFunction.h">
      <Filter>Header Files\Fit</Filter>
    </ClInclude>
    <ClInclude Include="Fit\ConvolutionCoreFunction.h">
      <Filter>Header Files\Fit</Filter>
    </ClInclude>
    <ClInclude Include="Fit\CubicBSplineFunction.h">
      <Filter>Header Files\Fit</Filter>
    </ClInclude>
    <ClInclude Include="Fit\CubicSplineFunction.h">
      <Filter>Header Files\Fit</Filter>
    </ClInclude>
    <ClInclude Include="Fit\DataSet.h">
      <Filter>Header Files\Fit</Filter>
    </ClInclude>
    <ClInclude Include="Fit\DiscreteFunction.h">
      <Filter>Header Files\Fit</Filter>
    </ClInclude>
    <ClInclude Include="Fit\DivFunction.h">
      <Filter>Header Files\Fit</Filter>
    </ClInclude>
    <ClInclude Include="Fit\DOASVector.h">
      <Filter>Header Files\Fit</Filter>
    </ClInclude>
    <ClInclude Include="Fit\ExpFunction.h">
      <Filter>Header Files\Fit</Filter>
    </ClInclude>
    <ClInclude Include="Fit\Fit.h">
      <Filter>Header Files\Fit</Filter>
    </ClInclude>
    <ClInclude Include="Fit\FitBasic.h">
      <Filter>Header Files\Fit</Filter>
    </ClInclude>
    <ClInclude Include="Fit\FitException.h">
      <Filter>Header Files\Fit</Filter>
    </ClInclude>
    <ClInclude Include="Fit\Function.h">
      <Filter>Header Files\Fit</Filter>
    </ClInclude>
    <ClInclude Include="Fit\GaussFunction.h">
      <Filter>Header Files\Fit</Filter>
    </ClInclude>
    <ClInclude Include="Fit\LeastSquareFit.h">
      <Filter>Header Files\Fit</Filter>
    </ClInclude>
    <ClInclude Include="Fit\LevenbergMarquardtFit.h">
      <Filter>Header Files\Fit</Filter>
    </ClInclude>
    <ClInclude Include="Fit\LinearInterpolateFunction.h">
      <Filter>Header Files\Fit</Filter>
    </ClInclude>
    <ClInclude Include="Fit\LnFunction.h">
      <Filter>Header Files\Fit</Filter>
    </ClInclude>
    <ClInclude Include="Fit\Matrix.h">
      <Filter>Header Files\Fit</Filter>
    </ClInclude>
    <ClInclude Include="Fit\Minimizer.h">
      <Filter>Header Files\Fit</Filter>
    </ClInclude>
    <ClInclude Include="Fit\MulFunction.h">
      <Filter>Header Files\Fit</Filter>
    </ClInclude>
    <ClInclude Include="Fit\NegateFunction.h">
      <Filter>Header Files\Fit</Filter>
    </ClInclude>
    <ClInclude Include="Fit\NonlinearParameterFunction.h">
      <Filter>Header Files\Fit</Filter>
    </ClInclude>
    <ClInclude Include="Fit\ParameterLinkItem.h">
      <Filter>Header Files\Fit</Filter>
    </ClInclude>
    <ClInclude Include="Fit\ParameterVector.h">
      <Filter>Header Files\Fit</Filter>
    </ClInclude>
    <ClInclude Include="Fit\ParamFunction.h">
      <Filter>Header Files\Fit</Filter>
    </ClInclude>
    <ClInclude Include="Fit\PolynomialFunction.h">
      <Filter>Header Files\Fit</Filter>
    </ClInclude>
    <ClInclude Include="Fit\ReferenceSpectrumFunction.h">
      <Filter>Header Files\Fit</Filter>
    </ClInclude>
    <ClInclude Include="Fit\SimpleDOASFunction.h">
      <Filter>Header Files\Fit</Filter>
    </ClInclude>
    <ClInclude Include="Fit\StandardFit.h">
      <Filter>Header Files\Fit</Filter>
    </ClInclude>
    <ClInclude Include="Fit\StandardMetricFunction.h">
      <Filter>Header Files\Fit</Filter>
    </ClInclude>
    <ClInclude Include="Fit\StatisticVector.h">
      <Filter>Header Files\Fit</Filter>
    </ClInclude>
    <ClInclude Include="Fit\SumFunction.h">
      <Filter>Header Files\Fit</Filter>
    </ClInclude>
    <ClInclude Include="Fit\Vector.h">
      <Filter>Header Files\Fit</Filter>
    </ClInclude>
  </ItemGroup>
  <ItemGroup>
    <Image Include="res\NovacPPP.ico">
      <Filter>Resource Files</Filter>
    </Image>
    <Image Include="res\bitmap1.bmp">
      <Filter>Resource Files</Filter>
    </Image>
    <Image Include="res\bluesqua.bmp">
      <Filter>Resource Files</Filter>
    </Image>
    <Image Include="res\bmp00001.bmp">
      <Filter>Resource Files</Filter>
    </Image>
    <Image Include="res\novacico.ico">
      <Filter>Resource Files</Filter>
    </Image>
  </ItemGroup>
  <ItemGroup>
    <ResourceCompile Include="NovacPPP.rc">
      <Filter>Resource Files</Filter>
    </ResourceCompile>
  </ItemGroup>
  <ItemGroup>
    <None Include="res\NovacPPP.rc2">
      <Filter>Resource Files</Filter>
    </None>
  </ItemGroup>
</Project>